
Microsoft Visual Studio Solution File, Format Version 12.00
# Visual Studio Version 17
VisualStudioVersion = 17.11.35303.130
MinimumVisualStudioVersion = 10.0.40219.1
Project("{2150E333-8FDC-42A3-9474-1A3956D46DE8}") = "Sprint2", "Sprint2", "{C25D3C44-C815-4E4B-AE3F-CA5E2567E216}"
EndProject
Project("{9A19103F-16F7-4668-BE54-9A1E7A4F7556}") = "ConsoleApp", "ConsoleApp\ConsoleApp.csproj", "{5510BB55-FB4E-4155-BC2B-8D76CEDA2495}"
EndProject
Project("{9A19103F-16F7-4668-BE54-9A1E7A4F7556}") = "Library", "Library\Library.csproj", "{59243384-B381-4A77-AC7A-32CAA4B40D48}"
EndProject
Project("{9A19103F-16F7-4668-BE54-9A1E7A4F7556}") = "Test", "Test\Test.csproj", "{D90C34A5-9AA0-4FFF-AA8B-CDAB08433945}"
EndProject
Project("{2150E333-8FDC-42A3-9474-1A3956D46DE8}") = "Sprint3", "Sprint3", "{FA1D8C61-3807-45D8-8EDF-E115E9D35D6F}"
EndProject
Project("{9A19103F-16F7-4668-BE54-9A1E7A4F7556}") = "ConsoleApp2", "ConsoleApp2\ConsoleApp2.csproj", "{C7A01530-EFF7-47A4-AAAE-C992B16E743D}"
EndProject
Project("{9A19103F-16F7-4668-BE54-9A1E7A4F7556}") = "Library2", "Library2\Library2.csproj", "{B74C938A-0B57-42B4-8868-E60A0BD1AD49}"
EndProject
Project("{9A19103F-16F7-4668-BE54-9A1E7A4F7556}") = "Test2", "Test2\Test2.csproj", "{D48E31E8-E1FD-4388-8767-EE3948653B0E}"
EndProject
Project("{2150E333-8FDC-42A3-9474-1A3956D46DE8}") = "Sprint4", "Sprint4", "{A3127550-5207-4E3E-AB22-954C929922EA}"
EndProject
Project("{FAE04EC0-301F-11D3-BF4B-00C04F79EFBC}") = "ConsoleApp3", "ConsoleApp3\ConsoleApp3.csproj", "{6C6388A2-8474-4B54-8D82-CDD80A9FA049}"
EndProject
Project("{FAE04EC0-301F-11D3-BF4B-00C04F79EFBC}") = "Library3", "Library3\Library3.csproj", "{BFCD7BB4-B591-4ED6-AB00-E87D265FF307}"
EndProject
Project("{FAE04EC0-301F-11D3-BF4B-00C04F79EFBC}") = "Test3", "Test3\Test3.csproj", "{B667F5CD-80EC-4B17-B008-59DA76478674}"
EndProject
Global
	GlobalSection(SolutionConfigurationPlatforms) = preSolution
		Debug|Any CPU = Debug|Any CPU
		Release|Any CPU = Release|Any CPU
	EndGlobalSection
	GlobalSection(ProjectConfigurationPlatforms) = postSolution
		{5510BB55-FB4E-4155-BC2B-8D76CEDA2495}.Debug|Any CPU.ActiveCfg = Debug|Any CPU
		{5510BB55-FB4E-4155-BC2B-8D76CEDA2495}.Debug|Any CPU.Build.0 = Debug|Any CPU
		{5510BB55-FB4E-4155-BC2B-8D76CEDA2495}.Release|Any CPU.ActiveCfg = Release|Any CPU
		{5510BB55-FB4E-4155-BC2B-8D76CEDA2495}.Release|Any CPU.Build.0 = Release|Any CPU
		{59243384-B381-4A77-AC7A-32CAA4B40D48}.Debug|Any CPU.ActiveCfg = Debug|Any CPU
		{59243384-B381-4A77-AC7A-32CAA4B40D48}.Debug|Any CPU.Build.0 = Debug|Any CPU
		{59243384-B381-4A77-AC7A-32CAA4B40D48}.Release|Any CPU.ActiveCfg = Release|Any CPU
		{59243384-B381-4A77-AC7A-32CAA4B40D48}.Release|Any CPU.Build.0 = Release|Any CPU
		{D90C34A5-9AA0-4FFF-AA8B-CDAB08433945}.Debug|Any CPU.ActiveCfg = Debug|Any CPU
		{D90C34A5-9AA0-4FFF-AA8B-CDAB08433945}.Debug|Any CPU.Build.0 = Debug|Any CPU
		{D90C34A5-9AA0-4FFF-AA8B-CDAB08433945}.Release|Any CPU.ActiveCfg = Release|Any CPU
		{D90C34A5-9AA0-4FFF-AA8B-CDAB08433945}.Release|Any CPU.Build.0 = Release|Any CPU
		{C7A01530-EFF7-47A4-AAAE-C992B16E743D}.Debug|Any CPU.ActiveCfg = Debug|Any CPU
		{C7A01530-EFF7-47A4-AAAE-C992B16E743D}.Debug|Any CPU.Build.0 = Debug|Any CPU
		{C7A01530-EFF7-47A4-AAAE-C992B16E743D}.Release|Any CPU.ActiveCfg = Release|Any CPU
		{C7A01530-EFF7-47A4-AAAE-C992B16E743D}.Release|Any CPU.Build.0 = Release|Any CPU
		{B74C938A-0B57-42B4-8868-E60A0BD1AD49}.Debug|Any CPU.ActiveCfg = Debug|Any CPU
		{B74C938A-0B57-42B4-8868-E60A0BD1AD49}.Debug|Any CPU.Build.0 = Debug|Any CPU
		{B74C938A-0B57-42B4-8868-E60A0BD1AD49}.Release|Any CPU.ActiveCfg = Release|Any CPU
		{B74C938A-0B57-42B4-8868-E60A0BD1AD49}.Release|Any CPU.Build.0 = Release|Any CPU
		{D48E31E8-E1FD-4388-8767-EE3948653B0E}.Debug|Any CPU.ActiveCfg = Debug|Any CPU
		{D48E31E8-E1FD-4388-8767-EE3948653B0E}.Debug|Any CPU.Build.0 = Debug|Any CPU
		{D48E31E8-E1FD-4388-8767-EE3948653B0E}.Release|Any CPU.ActiveCfg = Release|Any CPU
		{D48E31E8-E1FD-4388-8767-EE3948653B0E}.Release|Any CPU.Build.0 = Release|Any CPU
		{6C6388A2-8474-4B54-8D82-CDD80A9FA049}.Debug|Any CPU.ActiveCfg = Debug|Any CPU
		{6C6388A2-8474-4B54-8D82-CDD80A9FA049}.Debug|Any CPU.Build.0 = Debug|Any CPU
		{6C6388A2-8474-4B54-8D82-CDD80A9FA049}.Release|Any CPU.ActiveCfg = Release|Any CPU
		{6C6388A2-8474-4B54-8D82-CDD80A9FA049}.Release|Any CPU.Build.0 = Release|Any CPU
		{BFCD7BB4-B591-4ED6-AB00-E87D265FF307}.Debug|Any CPU.ActiveCfg = Debug|Any CPU
		{BFCD7BB4-B591-4ED6-AB00-E87D265FF307}.Debug|Any CPU.Build.0 = Debug|Any CPU
		{BFCD7BB4-B591-4ED6-AB00-E87D265FF307}.Release|Any CPU.ActiveCfg = Release|Any CPU
		{BFCD7BB4-B591-4ED6-AB00-E87D265FF307}.Release|Any CPU.Build.0 = Release|Any CPU
		{B667F5CD-80EC-4B17-B008-59DA76478674}.Debug|Any CPU.ActiveCfg = Debug|Any CPU
		{B667F5CD-80EC-4B17-B008-59DA76478674}.Debug|Any CPU.Build.0 = Debug|Any CPU
		{B667F5CD-80EC-4B17-B008-59DA76478674}.Release|Any CPU.ActiveCfg = Release|Any CPU
		{B667F5CD-80EC-4B17-B008-59DA76478674}.Release|Any CPU.Build.0 = Release|Any CPU
	EndGlobalSection
	GlobalSection(SolutionProperties) = preSolution
		HideSolutionNode = FALSE
	EndGlobalSection
	GlobalSection(NestedProjects) = preSolution
		{5510BB55-FB4E-4155-BC2B-8D76CEDA2495} = {C25D3C44-C815-4E4B-AE3F-CA5E2567E216}
		{59243384-B381-4A77-AC7A-32CAA4B40D48} = {C25D3C44-C815-4E4B-AE3F-CA5E2567E216}
		{D90C34A5-9AA0-4FFF-AA8B-CDAB08433945} = {C25D3C44-C815-4E4B-AE3F-CA5E2567E216}
		{C7A01530-EFF7-47A4-AAAE-C992B16E743D} = {FA1D8C61-3807-45D8-8EDF-E115E9D35D6F}
		{B74C938A-0B57-42B4-8868-E60A0BD1AD49} = {FA1D8C61-3807-45D8-8EDF-E115E9D35D6F}
		{D48E31E8-E1FD-4388-8767-EE3948653B0E} = {FA1D8C61-3807-45D8-8EDF-E115E9D35D6F}
		{6C6388A2-8474-4B54-8D82-CDD80A9FA049} = {A3127550-5207-4E3E-AB22-954C929922EA}
		{BFCD7BB4-B591-4ED6-AB00-E87D265FF307} = {A3127550-5207-4E3E-AB22-954C929922EA}
		{B667F5CD-80EC-4B17-B008-59DA76478674} = {A3127550-5207-4E3E-AB22-954C929922EA}
	EndGlobalSection
	GlobalSection(ExtensibilityGlobals) = postSolution
		SolutionGuid = {B1F48D9B-C4F5-4757-B48C-4ED1018B2B67}
	EndGlobalSection
EndGlobal
